
Microsoft Visual Studio Solution File, Format Version 12.00
# Visual Studio Version 16
VisualStudioVersion = 16.0.31613.86
MinimumVisualStudioVersion = 10.0.40219.1
Project("{9A19103F-16F7-4668-BE54-9A1E7A4F7556}") = "SmartCast", "SmartCast.csproj", "{A9094078-EC9E-496D-90CF-8A9F08B68D23}"
EndProject
Global
	GlobalSection(SolutionConfigurationPlatforms) = preSolution
		Debug|Any CPU = Debug|Any CPU
		Release|Any CPU = Release|Any CPU
	EndGlobalSection
	GlobalSection(ProjectConfigurationPlatforms) = postSolution
		{A9094078-EC9E-496D-90CF-8A9F08B68D23}.Debug|Any CPU.ActiveCfg = Debug|Any CPU
		{A9094078-EC9E-496D-90CF-8A9F08B68D23}.Debug|Any CPU.Build.0 = Debug|Any CPU
		{A9094078-EC9E-496D-90CF-8A9F08B68D23}.Release|Any CPU.ActiveCfg = Release|Any CPU
		{A9094078-EC9E-496D-90CF-8A9F08B68D23}.Release|Any CPU.Build.0 = Release|Any CPU
	EndGlobalSection
	GlobalSection(SolutionProperties) = preSolution
		HideSolutionNode = FALSE
	EndGlobalSection
	GlobalSection(ExtensibilityGlobals) = postSolution
		SolutionGuid = {2CA975B7-B429-4FD9-ADEE-55720AC221B0}
	EndGlobalSection
EndGlobal
